
Microsoft Visual Studio Solution File, Format Version 12.00
# Visual Studio Version 17
VisualStudioVersion = 17.3.32929.385
MinimumVisualStudioVersion = 10.0.40219.1
Project("{FAE04EC0-301F-11D3-BF4B-00C04F79EFBC}") = "WinForms5", "WinForms5\WinForms5.csproj", "{844BCB9B-A010-4040-9704-F78BCB39631F}"
EndProject
Global
	GlobalSection(SolutionConfigurationPlatforms) = preSolution
		Debug|Any CPU = Debug|Any CPU
		Release|Any CPU = Release|Any CPU
	EndGlobalSection
	GlobalSection(ProjectConfigurationPlatforms) = postSolution
		{844BCB9B-A010-4040-9704-F78BCB39631F}.Debug|Any CPU.ActiveCfg = Debug|Any CPU
		{844BCB9B-A010-4040-9704-F78BCB39631F}.Debug|Any CPU.Build.0 = Debug|Any CPU
		{844BCB9B-A010-4040-9704-F78BCB39631F}.Release|Any CPU.ActiveCfg = Release|Any CPU
		{844BCB9B-A010-4040-9704-F78BCB39631F}.Release|Any CPU.Build.0 = Release|Any CPU
	EndGlobalSection
	GlobalSection(SolutionProperties) = preSolution
		HideSolutionNode = FALSE
	EndGlobalSection
	GlobalSection(ExtensibilityGlobals) = postSolution
		SolutionGuid = {353B9F71-4308-49FF-B21C-53FAD893F97D}
	EndGlobalSection
EndGlobal
