
Microsoft Visual Studio Solution File, Format Version 12.00
# Visual Studio Version 17
VisualStudioVersion = 17.4.33213.308
MinimumVisualStudioVersion = 10.0.40219.1
Project("{FAE04EC0-301F-11D3-BF4B-00C04F79EFBC}") = "WinForms10", "WinForms10\WinForms10.csproj", "{11E011F8-2D39-495E-9E48-30FD57564A4C}"
EndProject
Global
	GlobalSection(SolutionConfigurationPlatforms) = preSolution
		Debug|Any CPU = Debug|Any CPU
		Release|Any CPU = Release|Any CPU
	EndGlobalSection
	GlobalSection(ProjectConfigurationPlatforms) = postSolution
		{11E011F8-2D39-495E-9E48-30FD57564A4C}.Debug|Any CPU.ActiveCfg = Debug|Any CPU
		{11E011F8-2D39-495E-9E48-30FD57564A4C}.Debug|Any CPU.Build.0 = Debug|Any CPU
		{11E011F8-2D39-495E-9E48-30FD57564A4C}.Release|Any CPU.ActiveCfg = Release|Any CPU
		{11E011F8-2D39-495E-9E48-30FD57564A4C}.Release|Any CPU.Build.0 = Release|Any CPU
	EndGlobalSection
	GlobalSection(SolutionProperties) = preSolution
		HideSolutionNode = FALSE
	EndGlobalSection
	GlobalSection(ExtensibilityGlobals) = postSolution
		SolutionGuid = {F669B246-E2EB-4F44-82D1-3D651EF9C372}
	EndGlobalSection
EndGlobal
