
Microsoft Visual Studio Solution File, Format Version 12.00
# Visual Studio Version 17
VisualStudioVersion = 17.3.32929.385
MinimumVisualStudioVersion = 10.0.40219.1
Project("{FAE04EC0-301F-11D3-BF4B-00C04F79EFBC}") = "WinForms4", "WinForms4\WinForms4.csproj", "{84A62E83-3CE6-47A4-9D39-9D1FEEF1C020}"
EndProject
Global
	GlobalSection(SolutionConfigurationPlatforms) = preSolution
		Debug|Any CPU = Debug|Any CPU
		Release|Any CPU = Release|Any CPU
	EndGlobalSection
	GlobalSection(ProjectConfigurationPlatforms) = postSolution
		{84A62E83-3CE6-47A4-9D39-9D1FEEF1C020}.Debug|Any CPU.ActiveCfg = Debug|Any CPU
		{84A62E83-3CE6-47A4-9D39-9D1FEEF1C020}.Debug|Any CPU.Build.0 = Debug|Any CPU
		{84A62E83-3CE6-47A4-9D39-9D1FEEF1C020}.Release|Any CPU.ActiveCfg = Release|Any CPU
		{84A62E83-3CE6-47A4-9D39-9D1FEEF1C020}.Release|Any CPU.Build.0 = Release|Any CPU
	EndGlobalSection
	GlobalSection(SolutionProperties) = preSolution
		HideSolutionNode = FALSE
	EndGlobalSection
	GlobalSection(ExtensibilityGlobals) = postSolution
		SolutionGuid = {91313194-D549-424F-8C12-2B0D596F69D9}
	EndGlobalSection
EndGlobal
